
Microsoft Visual Studio Solution File, Format Version 12.00
# Visual Studio Version 17
VisualStudioVersion = 17.0.31903.59
MinimumVisualStudioVersion = 10.0.40219.1
Project("{FAE04EC0-301F-11D3-BF4B-00C04F79EFBC}") = "FinanceTracker.Application", "FinanceTracker.Application\FinanceTracker.Application.csproj", "{C8074462-8FE9-4E58-93B7-2485B1A0D6C5}"
EndProject
Project("{FAE04EC0-301F-11D3-BF4B-00C04F79EFBC}") = "FinanceTracker.Domain", "FinanceTracker.Domain\FinanceTracker.Domain.csproj", "{4162D47D-F87E-4BB3-9A07-245A77D91F76}"
EndProject
Project("{FAE04EC0-301F-11D3-BF4B-00C04F79EFBC}") = "FinanceTracker.Infra", "FinanceTracker.Infra\FinanceTracker.Infra.csproj", "{E9945CC7-9046-4E43-B0B4-C68ACEE3AB23}"
EndProject
Project("{FAE04EC0-301F-11D3-BF4B-00C04F79EFBC}") = "FinanceTracker.Presentation", "FinanceTracker.Presentation\FinanceTracker.Presentation.csproj", "{0631B0E7-3431-4EC4-82E9-7D77171718AC}"
EndProject
Global
	GlobalSection(SolutionProperties) = preSolution
		HideSolutionNode = FALSE
	EndGlobalSection
	GlobalSection(SolutionConfigurationPlatforms) = preSolution
		Debug|Any CPU = Debug|Any CPU
		Debug|x64 = Debug|x64
		Debug|x86 = Debug|x86
		Release|Any CPU = Release|Any CPU
		Release|x64 = Release|x64
		Release|x86 = Release|x86
	EndGlobalSection
	GlobalSection(ProjectConfigurationPlatforms) = postSolution
		{C8074462-8FE9-4E58-93B7-2485B1A0D6C5}.Debug|Any CPU.ActiveCfg = Debug|Any CPU
		{C8074462-8FE9-4E58-93B7-2485B1A0D6C5}.Debug|Any CPU.Build.0 = Debug|Any CPU
		{C8074462-8FE9-4E58-93B7-2485B1A0D6C5}.Debug|x64.ActiveCfg = Debug|Any CPU
		{C8074462-8FE9-4E58-93B7-2485B1A0D6C5}.Debug|x64.Build.0 = Debug|Any CPU
		{C8074462-8FE9-4E58-93B7-2485B1A0D6C5}.Debug|x86.ActiveCfg = Debug|Any CPU
		{C8074462-8FE9-4E58-93B7-2485B1A0D6C5}.Debug|x86.Build.0 = Debug|Any CPU
		{C8074462-8FE9-4E58-93B7-2485B1A0D6C5}.Release|Any CPU.ActiveCfg = Release|Any CPU
		{C8074462-8FE9-4E58-93B7-2485B1A0D6C5}.Release|Any CPU.Build.0 = Release|Any CPU
		{C8074462-8FE9-4E58-93B7-2485B1A0D6C5}.Release|x64.ActiveCfg = Release|Any CPU
		{C8074462-8FE9-4E58-93B7-2485B1A0D6C5}.Release|x64.Build.0 = Release|Any CPU
		{C8074462-8FE9-4E58-93B7-2485B1A0D6C5}.Release|x86.ActiveCfg = Release|Any CPU
		{C8074462-8FE9-4E58-93B7-2485B1A0D6C5}.Release|x86.Build.0 = Release|Any CPU
		{4162D47D-F87E-4BB3-9A07-245A77D91F76}.Debug|Any CPU.ActiveCfg = Debug|Any CPU
		{4162D47D-F87E-4BB3-9A07-245A77D91F76}.Debug|Any CPU.Build.0 = Debug|Any CPU
		{4162D47D-F87E-4BB3-9A07-245A77D91F76}.Debug|x64.ActiveCfg = Debug|Any CPU
		{4162D47D-F87E-4BB3-9A07-245A77D91F76}.Debug|x64.Build.0 = Debug|Any CPU
		{4162D47D-F87E-4BB3-9A07-245A77D91F76}.Debug|x86.ActiveCfg = Debug|Any CPU
		{4162D47D-F87E-4BB3-9A07-245A77D91F76}.Debug|x86.Build.0 = Debug|Any CPU
		{4162D47D-F87E-4BB3-9A07-245A77D91F76}.Release|Any CPU.ActiveCfg = Release|Any CPU
		{4162D47D-F87E-4BB3-9A07-245A77D91F76}.Release|Any CPU.Build.0 = Release|Any CPU
		{4162D47D-F87E-4BB3-9A07-245A77D91F76}.Release|x64.ActiveCfg = Release|Any CPU
		{4162D47D-F87E-4BB3-9A07-245A77D91F76}.Release|x64.Build.0 = Release|Any CPU
		{4162D47D-F87E-4BB3-9A07-245A77D91F76}.Release|x86.ActiveCfg = Release|Any CPU
		{4162D47D-F87E-4BB3-9A07-245A77D91F76}.Release|x86.Build.0 = Release|Any CPU
		{E9945CC7-9046-4E43-B0B4-C68ACEE3AB23}.Debug|Any CPU.ActiveCfg = Debug|Any CPU
		{E9945CC7-9046-4E43-B0B4-C68ACEE3AB23}.Debug|Any CPU.Build.0 = Debug|Any CPU
		{E9945CC7-9046-4E43-B0B4-C68ACEE3AB23}.Debug|x64.ActiveCfg = Debug|Any CPU
		{E9945CC7-9046-4E43-B0B4-C68ACEE3AB23}.Debug|x64.Build.0 = Debug|Any CPU
		{E9945CC7-9046-4E43-B0B4-C68ACEE3AB23}.Debug|x86.ActiveCfg = Debug|Any CPU
		{E9945CC7-9046-4E43-B0B4-C68ACEE3AB23}.Debug|x86.Build.0 = Debug|Any CPU
		{E9945CC7-9046-4E43-B0B4-C68ACEE3AB23}.Release|Any CPU.ActiveCfg = Release|Any CPU
		{E9945CC7-9046-4E43-B0B4-C68ACEE3AB23}.Release|Any CPU.Build.0 = Release|Any CPU
		{E9945CC7-9046-4E43-B0B4-C68ACEE3AB23}.Release|x64.ActiveCfg = Release|Any CPU
		{E9945CC7-9046-4E43-B0B4-C68ACEE3AB23}.Release|x64.Build.0 = Release|Any CPU
		{E9945CC7-9046-4E43-B0B4-C68ACEE3AB23}.Release|x86.ActiveCfg = Release|Any CPU
		{E9945CC7-9046-4E43-B0B4-C68ACEE3AB23}.Release|x86.Build.0 = Release|Any CPU
		{0631B0E7-3431-4EC4-82E9-7D77171718AC}.Debug|Any CPU.ActiveCfg = Debug|Any CPU
		{0631B0E7-3431-4EC4-82E9-7D77171718AC}.Debug|Any CPU.Build.0 = Debug|Any CPU
		{0631B0E7-3431-4EC4-82E9-7D77171718AC}.Debug|x64.ActiveCfg = Debug|Any CPU
		{0631B0E7-3431-4EC4-82E9-7D77171718AC}.Debug|x64.Build.0 = Debug|Any CPU
		{0631B0E7-3431-4EC4-82E9-7D77171718AC}.Debug|x86.ActiveCfg = Debug|Any CPU
		{0631B0E7-3431-4EC4-82E9-7D77171718AC}.Debug|x86.Build.0 = Debug|Any CPU
		{0631B0E7-3431-4EC4-82E9-7D77171718AC}.Release|Any CPU.ActiveCfg = Release|Any CPU
		{0631B0E7-3431-4EC4-82E9-7D77171718AC}.Release|Any CPU.Build.0 = Release|Any CPU
		{0631B0E7-3431-4EC4-82E9-7D77171718AC}.Release|x64.ActiveCfg = Release|Any CPU
		{0631B0E7-3431-4EC4-82E9-7D77171718AC}.Release|x64.Build.0 = Release|Any CPU
		{0631B0E7-3431-4EC4-82E9-7D77171718AC}.Release|x86.ActiveCfg = Release|Any CPU
		{0631B0E7-3431-4EC4-82E9-7D77171718AC}.Release|x86.Build.0 = Release|Any CPU
	EndGlobalSection
EndGlobal
